
Microsoft Visual Studio Solution File, Format Version 11.00
# Visual Studio 2010
Project("{F184B08F-C81C-45F6-A57F-5ABD9991F28F}") = "Practice", "Practice\Practice.vbproj", "{143F8747-B754-4F46-B71C-5A9A3C54E5CB}"
EndProject
Global
	GlobalSection(SolutionConfigurationPlatforms) = preSolution
		Debug|x86 = Debug|x86
		Release|x86 = Release|x86
	EndGlobalSection
	GlobalSection(ProjectConfigurationPlatforms) = postSolution
		{143F8747-B754-4F46-B71C-5A9A3C54E5CB}.Debug|x86.ActiveCfg = Debug|x86
		{143F8747-B754-4F46-B71C-5A9A3C54E5CB}.Debug|x86.Build.0 = Debug|x86
		{143F8747-B754-4F46-B71C-5A9A3C54E5CB}.Release|x86.ActiveCfg = Release|x86
		{143F8747-B754-4F46-B71C-5A9A3C54E5CB}.Release|x86.Build.0 = Release|x86
	EndGlobalSection
	GlobalSection(SolutionProperties) = preSolution
		HideSolutionNode = FALSE
	EndGlobalSection
EndGlobal
